<?xml version="1.0" encoding="utf-8"?>
<Project ToolsVersion="4.0" xmlns="http://schemas.microsoft.com/developer/msbuild/2003">
  <ItemGroup>
    <ClCompile Include="dependencies\glad\src\glad.c" />
    <ClCompile Include="src\main.cpp" />
    <ClCompile Include="src\component.cpp">
      <Filter>src\core</Filter>
    </ClCompile>
    <ClCompile Include="src\entities.cpp">
      <Filter>src\core</Filter>
    </ClCompile>
    <ClCompile Include="src\entity.cpp">
      <Filter>src\core</Filter>
    </ClCompile>
    <ClCompile Include="src\png_loader.cpp">
      <Filter>src\graphics</Filter>
    </ClCompile>
    <ClCompile Include="src\transform.cpp">
      <Filter>src\core</Filter>
    </ClCompile>
    <ClCompile Include="src\object.cpp">
      <Filter>src\core</Filter>
    </ClCompile>
    <ClCompile Include="src\pch.cpp">
      <Filter>src</Filter>
    </ClCompile>
    <ClCompile Include="src\components.cpp">
      <Filter>src\core</Filter>
    </ClCompile>
    <ClCompile Include="src\camera.cpp">
      <Filter>src\graphics</Filter>
    </ClCompile>
    <ClCompile Include="src\projector.cpp">
      <Filter>src\graphics</Filter>
    </ClCompile>
    <ClCompile Include="src\perspective_projector.cpp">
      <Filter>src\graphics</Filter>
    </ClCompile>
    <ClCompile Include="src\engine.cpp">
      <Filter>src\core</Filter>
    </ClCompile>
    <ClCompile Include="src\visual.cpp">
      <Filter>src\graphics</Filter>
    </ClCompile>
    <ClCompile Include="src\geometry.cpp">
      <Filter>src\graphics</Filter>
    </ClCompile>
    <ClCompile Include="src\procedural_mesh.cpp">
      <Filter>src\graphics</Filter>
    </ClCompile>
    <ClCompile Include="src\material.cpp">
      <Filter>src\graphics</Filter>
    </ClCompile>
    <ClCompile Include="src\vertexbuffer.cpp">
      <Filter>src\graphics</Filter>
    </ClCompile>
    <ClCompile Include="src\color.cpp">
      <Filter>src\graphics</Filter>
    </ClCompile>
    <ClCompile Include="src\texture.cpp">
      <Filter>src\graphics</Filter>
    </ClCompile>
    <ClCompile Include="src\canvas.cpp">
      <Filter>src\graphics</Filter>
    </ClCompile>
    <ClCompile Include="src\obj_loader.cpp">
      <Filter>src\loaders</Filter>
    </ClCompile>
    <ClCompile Include="src\frustum.cpp">
      <Filter>src\graphics</Filter>
    </ClCompile>
    <ClCompile Include="src\light.cpp">
      <Filter>src\graphics</Filter>
    </ClCompile>
    <ClCompile Include="src\phong_material.cpp">
      <Filter>src\graphics</Filter>
    </ClCompile>
  </ItemGroup>
  <ItemGroup>
    <Filter Include="src">
      <UniqueIdentifier>{bc6b2962-bc28-4941-adec-d926ec70b4df}</UniqueIdentifier>
    </Filter>
    <Filter Include="src\core">
      <UniqueIdentifier>{1e00bb6f-6e1d-40a8-910d-c286d6911f99}</UniqueIdentifier>
    </Filter>
    <Filter Include="src\graphics">
      <UniqueIdentifier>{d1d88ee0-900d-4bb1-864f-a4797347a8f9}</UniqueIdentifier>
    </Filter>
    <Filter Include="src\loaders">
      <UniqueIdentifier>{f42302a4-3104-4664-99f8-024899088c1f}</UniqueIdentifier>
    </Filter>
    <Filter Include="src\input">
      <UniqueIdentifier>{2fc22b2b-4700-41a3-9195-412768ceecfa}</UniqueIdentifier>
    </Filter>
  </ItemGroup>
  <ItemGroup>
    <ClInclude Include="src\component.h">
      <Filter>src\core</Filter>
    </ClInclude>
    <ClInclude Include="src\entities.h">
      <Filter>src\core</Filter>
    </ClInclude>
    <ClInclude Include="src\entity.h">
      <Filter>src\core</Filter>
    </ClInclude>
    <ClInclude Include="src\png_loader.h">
      <Filter>src\graphics</Filter>
    </ClInclude>
    <ClInclude Include="src\transform.h">
      <Filter>src\core</Filter>
    </ClInclude>
    <ClInclude Include="src\object.h">
      <Filter>src\core</Filter>
    </ClInclude>
    <ClInclude Include="src\pch.h">
      <Filter>src</Filter>
    </ClInclude>
    <ClInclude Include="src\components.h">
      <Filter>src\core</Filter>
    </ClInclude>
    <ClInclude Include="src\camera.h">
      <Filter>src\graphics</Filter>
    </ClInclude>
    <ClInclude Include="src\projector.h">
      <Filter>src\graphics</Filter>
    </ClInclude>
    <ClInclude Include="src\perspective_projector.h">
      <Filter>src\graphics</Filter>
    </ClInclude>
    <ClInclude Include="src\engine.h">
      <Filter>src\core</Filter>
    </ClInclude>
    <ClInclude Include="src\visual.h">
      <Filter>src\graphics</Filter>
    </ClInclude>
    <ClInclude Include="src\geometry.h">
      <Filter>src\graphics</Filter>
    </ClInclude>
    <ClInclude Include="src\procedural_mesh.h">
      <Filter>src\graphics</Filter>
    </ClInclude>
    <ClInclude Include="src\material.h">
      <Filter>src\graphics</Filter>
    </ClInclude>
    <ClInclude Include="src\vertexbuffer.h">
      <Filter>src\graphics</Filter>
    </ClInclude>
    <ClInclude Include="src\color.h">
      <Filter>src\graphics</Filter>
    </ClInclude>
    <ClInclude Include="src\texture.h">
      <Filter>src\graphics</Filter>
    </ClInclude>
    <ClInclude Include="src\canvas.h">
      <Filter>src\graphics</Filter>
    </ClInclude>
    <ClInclude Include="src\vertex.h">
      <Filter>src\graphics</Filter>
    </ClInclude>
    <ClInclude Include="src\obj_loader.h">
      <Filter>src\loaders</Filter>
    </ClInclude>
    <ClInclude Include="src\frustum.h">
      <Filter>src\graphics</Filter>
    </ClInclude>
    <ClInclude Include="src\light.h">
      <Filter>src\graphics</Filter>
    </ClInclude>
    <ClInclude Include="src\phong_material.h">
      <Filter>src\graphics</Filter>
    </ClInclude>
    <ClInclude Include="src\shading_context.h">
      <Filter>src\graphics</Filter>
    </ClInclude>
    <ClInclude Include="src\mouse_input.h">
      <Filter>src\input</Filter>
    </ClInclude>
  </ItemGroup>
</Project>